
Microsoft Visual Studio Solution File, Format Version 12.00
# Visual Studio Version 16
VisualStudioVersion = 16.0.29209.62
MinimumVisualStudioVersion = 10.0.40219.1
Project("{9A19103F-16F7-4668-BE54-9A1E7A4F7556}") = "CastleInterceptHelpersTests", "CastleInterceptHelpersTests\CastleInterceptHelpersTests.csproj", "{91EFB28D-1ABE-49D9-9E45-881EDC1E055D}"
EndProject
Project("{FAE04EC0-301F-11D3-BF4B-00C04F79EFBC}") = "CastleInterceptHelpers", "CastleInterceptHelpers\CastleInterceptHelpers.csproj", "{1BD3F115-549F-4901-9E42-B1A60C291339}"
EndProject
Global
	GlobalSection(SolutionConfigurationPlatforms) = preSolution
		Debug|Any CPU = Debug|Any CPU
		Release|Any CPU = Release|Any CPU
	EndGlobalSection
	GlobalSection(ProjectConfigurationPlatforms) = postSolution
		{91EFB28D-1ABE-49D9-9E45-881EDC1E055D}.Debug|Any CPU.ActiveCfg = Debug|Any CPU
		{91EFB28D-1ABE-49D9-9E45-881EDC1E055D}.Debug|Any CPU.Build.0 = Debug|Any CPU
		{91EFB28D-1ABE-49D9-9E45-881EDC1E055D}.Release|Any CPU.ActiveCfg = Release|Any CPU
		{91EFB28D-1ABE-49D9-9E45-881EDC1E055D}.Release|Any CPU.Build.0 = Release|Any CPU
		{1BD3F115-549F-4901-9E42-B1A60C291339}.Debug|Any CPU.ActiveCfg = Debug|Any CPU
		{1BD3F115-549F-4901-9E42-B1A60C291339}.Debug|Any CPU.Build.0 = Debug|Any CPU
		{1BD3F115-549F-4901-9E42-B1A60C291339}.Release|Any CPU.ActiveCfg = Release|Any CPU
		{1BD3F115-549F-4901-9E42-B1A60C291339}.Release|Any CPU.Build.0 = Release|Any CPU
	EndGlobalSection
	GlobalSection(SolutionProperties) = preSolution
		HideSolutionNode = FALSE
	EndGlobalSection
	GlobalSection(ExtensibilityGlobals) = postSolution
		SolutionGuid = {AC76EF75-B725-4F9D-83E6-A4DB3C38394B}
	EndGlobalSection
EndGlobal
